
Microsoft Visual Studio Solution File, Format Version 12.00
# Visual Studio Version 16
VisualStudioVersion = 16.0.31410.357
MinimumVisualStudioVersion = 10.0.40219.1
Project("{FAE04EC0-301F-11D3-BF4B-00C04F79EFBC}") = "API_NetCore3.1", "API\API_NetCore3.1.csproj", "{29F8CFCE-DD35-4BF0-AEF4-70B8A7B6073E}"
EndProject
Project("{FAE04EC0-301F-11D3-BF4B-00C04F79EFBC}") = "Application", "Application\Application.csproj", "{444FD326-64D2-4466-AFA0-671CFB3F909F}"
EndProject
Project("{FAE04EC0-301F-11D3-BF4B-00C04F79EFBC}") = "Domain", "Domain\Domain.csproj", "{5FF202EB-710C-4314-9656-81D579BC8DD4}"
EndProject
Project("{FAE04EC0-301F-11D3-BF4B-00C04F79EFBC}") = "Repository", "Repository\Repository.csproj", "{F8711D3B-9534-4C57-95CC-2F1D18571E6B}"
EndProject
Global
	GlobalSection(SolutionConfigurationPlatforms) = preSolution
		Debug|Any CPU = Debug|Any CPU
		Release|Any CPU = Release|Any CPU
	EndGlobalSection
	GlobalSection(ProjectConfigurationPlatforms) = postSolution
		{29F8CFCE-DD35-4BF0-AEF4-70B8A7B6073E}.Debug|Any CPU.ActiveCfg = Debug|Any CPU
		{29F8CFCE-DD35-4BF0-AEF4-70B8A7B6073E}.Debug|Any CPU.Build.0 = Debug|Any CPU
		{29F8CFCE-DD35-4BF0-AEF4-70B8A7B6073E}.Release|Any CPU.ActiveCfg = Release|Any CPU
		{29F8CFCE-DD35-4BF0-AEF4-70B8A7B6073E}.Release|Any CPU.Build.0 = Release|Any CPU
		{444FD326-64D2-4466-AFA0-671CFB3F909F}.Debug|Any CPU.ActiveCfg = Debug|Any CPU
		{444FD326-64D2-4466-AFA0-671CFB3F909F}.Debug|Any CPU.Build.0 = Debug|Any CPU
		{444FD326-64D2-4466-AFA0-671CFB3F909F}.Release|Any CPU.ActiveCfg = Release|Any CPU
		{444FD326-64D2-4466-AFA0-671CFB3F909F}.Release|Any CPU.Build.0 = Release|Any CPU
		{5FF202EB-710C-4314-9656-81D579BC8DD4}.Debug|Any CPU.ActiveCfg = Debug|Any CPU
		{5FF202EB-710C-4314-9656-81D579BC8DD4}.Debug|Any CPU.Build.0 = Debug|Any CPU
		{5FF202EB-710C-4314-9656-81D579BC8DD4}.Release|Any CPU.ActiveCfg = Release|Any CPU
		{5FF202EB-710C-4314-9656-81D579BC8DD4}.Release|Any CPU.Build.0 = Release|Any CPU
		{F8711D3B-9534-4C57-95CC-2F1D18571E6B}.Debug|Any CPU.ActiveCfg = Debug|Any CPU
		{F8711D3B-9534-4C57-95CC-2F1D18571E6B}.Debug|Any CPU.Build.0 = Debug|Any CPU
		{F8711D3B-9534-4C57-95CC-2F1D18571E6B}.Release|Any CPU.ActiveCfg = Release|Any CPU
		{F8711D3B-9534-4C57-95CC-2F1D18571E6B}.Release|Any CPU.Build.0 = Release|Any CPU
	EndGlobalSection
	GlobalSection(SolutionProperties) = preSolution
		HideSolutionNode = FALSE
	EndGlobalSection
	GlobalSection(ExtensibilityGlobals) = postSolution
		SolutionGuid = {0EF11BDE-9847-4645-ADB0-29E33D0F96ED}
	EndGlobalSection
EndGlobal
